
Microsoft Visual Studio Solution File, Format Version 12.00
# Visual Studio Version 17
VisualStudioVersion = 17.11.35327.3
MinimumVisualStudioVersion = 10.0.40219.1
Project("{FAE04EC0-301F-11D3-BF4B-00C04F79EFBC}") = "FileTestTest", "FileTestTest\FileTestTest.csproj", "{CC8CED6E-4932-4967-B847-C96B497AFF21}"
EndProject
Global
	GlobalSection(SolutionConfigurationPlatforms) = preSolution
		Debug|Any CPU = Debug|Any CPU
		Release|Any CPU = Release|Any CPU
	EndGlobalSection
	GlobalSection(ProjectConfigurationPlatforms) = postSolution
		{CC8CED6E-4932-4967-B847-C96B497AFF21}.Debug|Any CPU.ActiveCfg = Debug|Any CPU
		{CC8CED6E-4932-4967-B847-C96B497AFF21}.Debug|Any CPU.Build.0 = Debug|Any CPU
		{CC8CED6E-4932-4967-B847-C96B497AFF21}.Release|Any CPU.ActiveCfg = Release|Any CPU
		{CC8CED6E-4932-4967-B847-C96B497AFF21}.Release|Any CPU.Build.0 = Release|Any CPU
	EndGlobalSection
	GlobalSection(SolutionProperties) = preSolution
		HideSolutionNode = FALSE
	EndGlobalSection
	GlobalSection(ExtensibilityGlobals) = postSolution
		SolutionGuid = {BB61770C-BBE1-4187-9442-65B0A08F0183}
	EndGlobalSection
EndGlobal
